
Microsoft Visual Studio Solution File, Format Version 12.00
# Visual Studio 15
VisualStudioVersion = 15.0.27703.2026
MinimumVisualStudioVersion = 10.0.40219.1
Project("{FAE04EC0-301F-11D3-BF4B-00C04F79EFBC}") = "MpvPlayer", "MpvPlayer\MpvPlayer.csproj", "{02D0596C-4A1F-4227-A44D-463B4F655598}"
EndProject
Project("{FAE04EC0-301F-11D3-BF4B-00C04F79EFBC}") = "MediaPlayerUI", "MediaPlayerUI\MediaPlayerUI.csproj", "{7BF6711C-D3EA-48CF-BD5D-4B201AA788B5}"
EndProject
Project("{9A19103F-16F7-4668-BE54-9A1E7A4F7556}") = "Mpv.NET", "..\Mpv.NET\src\Mpv.NET\Mpv.NET.csproj", "{7F4FCD9C-DD51-41D3-B19F-57D1074516F4}"
EndProject
Global
	GlobalSection(SolutionConfigurationPlatforms) = preSolution
		Debug|Any CPU = Debug|Any CPU
		Debug|x86 = Debug|x86
		Release|Any CPU = Release|Any CPU
		Release|x86 = Release|x86
	EndGlobalSection
	GlobalSection(ProjectConfigurationPlatforms) = postSolution
		{02D0596C-4A1F-4227-A44D-463B4F655598}.Debug|Any CPU.ActiveCfg = Debug|Any CPU
		{02D0596C-4A1F-4227-A44D-463B4F655598}.Debug|Any CPU.Build.0 = Debug|Any CPU
		{02D0596C-4A1F-4227-A44D-463B4F655598}.Debug|x86.ActiveCfg = Debug|Any CPU
		{02D0596C-4A1F-4227-A44D-463B4F655598}.Debug|x86.Build.0 = Debug|Any CPU
		{02D0596C-4A1F-4227-A44D-463B4F655598}.Release|Any CPU.ActiveCfg = Release|Any CPU
		{02D0596C-4A1F-4227-A44D-463B4F655598}.Release|Any CPU.Build.0 = Release|Any CPU
		{02D0596C-4A1F-4227-A44D-463B4F655598}.Release|x86.ActiveCfg = Release|Any CPU
		{02D0596C-4A1F-4227-A44D-463B4F655598}.Release|x86.Build.0 = Release|Any CPU
		{7BF6711C-D3EA-48CF-BD5D-4B201AA788B5}.Debug|Any CPU.ActiveCfg = Debug|Any CPU
		{7BF6711C-D3EA-48CF-BD5D-4B201AA788B5}.Debug|Any CPU.Build.0 = Debug|Any CPU
		{7BF6711C-D3EA-48CF-BD5D-4B201AA788B5}.Debug|x86.ActiveCfg = Debug|Any CPU
		{7BF6711C-D3EA-48CF-BD5D-4B201AA788B5}.Debug|x86.Build.0 = Debug|Any CPU
		{7BF6711C-D3EA-48CF-BD5D-4B201AA788B5}.Release|Any CPU.ActiveCfg = Release|Any CPU
		{7BF6711C-D3EA-48CF-BD5D-4B201AA788B5}.Release|Any CPU.Build.0 = Release|Any CPU
		{7BF6711C-D3EA-48CF-BD5D-4B201AA788B5}.Release|x86.ActiveCfg = Release|Any CPU
		{7BF6711C-D3EA-48CF-BD5D-4B201AA788B5}.Release|x86.Build.0 = Release|Any CPU
		{7F4FCD9C-DD51-41D3-B19F-57D1074516F4}.Debug|Any CPU.ActiveCfg = Debug|Any CPU
		{7F4FCD9C-DD51-41D3-B19F-57D1074516F4}.Debug|Any CPU.Build.0 = Debug|Any CPU
		{7F4FCD9C-DD51-41D3-B19F-57D1074516F4}.Debug|x86.ActiveCfg = Debug|Any CPU
		{7F4FCD9C-DD51-41D3-B19F-57D1074516F4}.Debug|x86.Build.0 = Debug|Any CPU
		{7F4FCD9C-DD51-41D3-B19F-57D1074516F4}.Release|Any CPU.ActiveCfg = Release|Any CPU
		{7F4FCD9C-DD51-41D3-B19F-57D1074516F4}.Release|Any CPU.Build.0 = Release|Any CPU
		{7F4FCD9C-DD51-41D3-B19F-57D1074516F4}.Release|x86.ActiveCfg = Release|Any CPU
		{7F4FCD9C-DD51-41D3-B19F-57D1074516F4}.Release|x86.Build.0 = Release|Any CPU
	EndGlobalSection
	GlobalSection(SolutionProperties) = preSolution
		HideSolutionNode = FALSE
	EndGlobalSection
	GlobalSection(ExtensibilityGlobals) = postSolution
		SolutionGuid = {7A85F7B0-49FF-41FF-B6B5-2F721CDBF0F5}
	EndGlobalSection
EndGlobal
