
Microsoft Visual Studio Solution File, Format Version 12.00
# Visual Studio Version 16
VisualStudioVersion = 16.0.29020.237
MinimumVisualStudioVersion = 10.0.40219.1
Project("{2150E333-8FDC-42A3-9474-1A3956D46DE8}") = "Solution Items", "Solution Items", "{D77D12BC-030C-4360-8292-DB434FFFCDEF}"
	ProjectSection(SolutionItems) = preProject
		.editorconfig = .editorconfig
	EndProjectSection
EndProject
Project("{FAE04EC0-301F-11D3-BF4B-00C04F79EFBC}") = "MediaPlayer.Avalonia", "Avalonia\MediaPlayer.Avalonia.csproj", "{42405681-89F9-4219-A5E7-E4C88758925D}"
EndProject
Project("{FAE04EC0-301F-11D3-BF4B-00C04F79EFBC}") = "MediaPlayer.Wpf", "WPF\MediaPlayer.Wpf.csproj", "{9807E9F7-F5A7-413E-9E16-FE419A3E4D79}"
EndProject
Project("{FAE04EC0-301F-11D3-BF4B-00C04F79EFBC}") = "MediaPlayer.Wpf.Mpv", "WPF.Mpv\MediaPlayer.Wpf.Mpv.csproj", "{5B73F02F-6056-4496-BF18-CFF672F5F1E2}"
EndProject
Project("{FAE04EC0-301F-11D3-BF4B-00C04F79EFBC}") = "MediaPlayer.Wpf.NAudio", "WPF.NAudio\MediaPlayer.Wpf.NAudio.csproj", "{EADB4F15-FE28-4365-8967-0BEB5B3420C5}"
EndProject
Project("{FAE04EC0-301F-11D3-BF4B-00C04F79EFBC}") = "MediaPlayer.Wpf.Sample", "WPF.Sample\MediaPlayer.Wpf.Sample.csproj", "{6343D072-6A03-45DD-99EF-ECD428F9F568}"
EndProject
Project("{FAE04EC0-301F-11D3-BF4B-00C04F79EFBC}") = "MediaPlayer.Avalonia.Bass", "Avalonia.Bass\MediaPlayer.Avalonia.Bass.csproj", "{25BE1274-CF06-4473-9D88-6B7562EE166C}"
EndProject
Project("{FAE04EC0-301F-11D3-BF4B-00C04F79EFBC}") = "MediaPlayer.Avalonia.Sample", "Avalonia.Sample\MediaPlayer.Avalonia.Sample.csproj", "{DA252FDF-588A-4A47-BC7C-A6634D4F8624}"
EndProject
Global
	GlobalSection(SolutionConfigurationPlatforms) = preSolution
		Debug|Any CPU = Debug|Any CPU
		Debug|x64 = Debug|x64
		Debug|x86 = Debug|x86
		Release|Any CPU = Release|Any CPU
		Release|x64 = Release|x64
		Release|x86 = Release|x86
	EndGlobalSection
	GlobalSection(ProjectConfigurationPlatforms) = postSolution
		{42405681-89F9-4219-A5E7-E4C88758925D}.Debug|Any CPU.ActiveCfg = Debug|Any CPU
		{42405681-89F9-4219-A5E7-E4C88758925D}.Debug|Any CPU.Build.0 = Debug|Any CPU
		{42405681-89F9-4219-A5E7-E4C88758925D}.Debug|x64.ActiveCfg = Debug|Any CPU
		{42405681-89F9-4219-A5E7-E4C88758925D}.Debug|x64.Build.0 = Debug|Any CPU
		{42405681-89F9-4219-A5E7-E4C88758925D}.Debug|x86.ActiveCfg = Debug|Any CPU
		{42405681-89F9-4219-A5E7-E4C88758925D}.Debug|x86.Build.0 = Debug|Any CPU
		{42405681-89F9-4219-A5E7-E4C88758925D}.Release|Any CPU.ActiveCfg = Release|Any CPU
		{42405681-89F9-4219-A5E7-E4C88758925D}.Release|Any CPU.Build.0 = Release|Any CPU
		{42405681-89F9-4219-A5E7-E4C88758925D}.Release|x64.ActiveCfg = Release|Any CPU
		{42405681-89F9-4219-A5E7-E4C88758925D}.Release|x64.Build.0 = Release|Any CPU
		{42405681-89F9-4219-A5E7-E4C88758925D}.Release|x86.ActiveCfg = Release|Any CPU
		{42405681-89F9-4219-A5E7-E4C88758925D}.Release|x86.Build.0 = Release|Any CPU
		{9807E9F7-F5A7-413E-9E16-FE419A3E4D79}.Debug|Any CPU.ActiveCfg = Debug|Any CPU
		{9807E9F7-F5A7-413E-9E16-FE419A3E4D79}.Debug|Any CPU.Build.0 = Debug|Any CPU
		{9807E9F7-F5A7-413E-9E16-FE419A3E4D79}.Debug|x64.ActiveCfg = Debug|Any CPU
		{9807E9F7-F5A7-413E-9E16-FE419A3E4D79}.Debug|x64.Build.0 = Debug|Any CPU
		{9807E9F7-F5A7-413E-9E16-FE419A3E4D79}.Debug|x86.ActiveCfg = Debug|Any CPU
		{9807E9F7-F5A7-413E-9E16-FE419A3E4D79}.Debug|x86.Build.0 = Debug|Any CPU
		{9807E9F7-F5A7-413E-9E16-FE419A3E4D79}.Release|Any CPU.ActiveCfg = Release|Any CPU
		{9807E9F7-F5A7-413E-9E16-FE419A3E4D79}.Release|Any CPU.Build.0 = Release|Any CPU
		{9807E9F7-F5A7-413E-9E16-FE419A3E4D79}.Release|x64.ActiveCfg = Release|Any CPU
		{9807E9F7-F5A7-413E-9E16-FE419A3E4D79}.Release|x64.Build.0 = Release|Any CPU
		{9807E9F7-F5A7-413E-9E16-FE419A3E4D79}.Release|x86.ActiveCfg = Release|Any CPU
		{9807E9F7-F5A7-413E-9E16-FE419A3E4D79}.Release|x86.Build.0 = Release|Any CPU
		{5B73F02F-6056-4496-BF18-CFF672F5F1E2}.Debug|Any CPU.ActiveCfg = Debug|Any CPU
		{5B73F02F-6056-4496-BF18-CFF672F5F1E2}.Debug|Any CPU.Build.0 = Debug|Any CPU
		{5B73F02F-6056-4496-BF18-CFF672F5F1E2}.Debug|x64.ActiveCfg = Debug|Any CPU
		{5B73F02F-6056-4496-BF18-CFF672F5F1E2}.Debug|x64.Build.0 = Debug|Any CPU
		{5B73F02F-6056-4496-BF18-CFF672F5F1E2}.Debug|x86.ActiveCfg = Debug|Any CPU
		{5B73F02F-6056-4496-BF18-CFF672F5F1E2}.Debug|x86.Build.0 = Debug|Any CPU
		{5B73F02F-6056-4496-BF18-CFF672F5F1E2}.Release|Any CPU.ActiveCfg = Release|Any CPU
		{5B73F02F-6056-4496-BF18-CFF672F5F1E2}.Release|Any CPU.Build.0 = Release|Any CPU
		{5B73F02F-6056-4496-BF18-CFF672F5F1E2}.Release|x64.ActiveCfg = Release|Any CPU
		{5B73F02F-6056-4496-BF18-CFF672F5F1E2}.Release|x64.Build.0 = Release|Any CPU
		{5B73F02F-6056-4496-BF18-CFF672F5F1E2}.Release|x86.ActiveCfg = Release|Any CPU
		{5B73F02F-6056-4496-BF18-CFF672F5F1E2}.Release|x86.Build.0 = Release|Any CPU
		{EADB4F15-FE28-4365-8967-0BEB5B3420C5}.Debug|Any CPU.ActiveCfg = Debug|Any CPU
		{EADB4F15-FE28-4365-8967-0BEB5B3420C5}.Debug|Any CPU.Build.0 = Debug|Any CPU
		{EADB4F15-FE28-4365-8967-0BEB5B3420C5}.Debug|x64.ActiveCfg = Debug|Any CPU
		{EADB4F15-FE28-4365-8967-0BEB5B3420C5}.Debug|x64.Build.0 = Debug|Any CPU
		{EADB4F15-FE28-4365-8967-0BEB5B3420C5}.Debug|x86.ActiveCfg = Debug|Any CPU
		{EADB4F15-FE28-4365-8967-0BEB5B3420C5}.Debug|x86.Build.0 = Debug|Any CPU
		{EADB4F15-FE28-4365-8967-0BEB5B3420C5}.Release|Any CPU.ActiveCfg = Release|Any CPU
		{EADB4F15-FE28-4365-8967-0BEB5B3420C5}.Release|Any CPU.Build.0 = Release|Any CPU
		{EADB4F15-FE28-4365-8967-0BEB5B3420C5}.Release|x64.ActiveCfg = Release|Any CPU
		{EADB4F15-FE28-4365-8967-0BEB5B3420C5}.Release|x64.Build.0 = Release|Any CPU
		{EADB4F15-FE28-4365-8967-0BEB5B3420C5}.Release|x86.ActiveCfg = Release|Any CPU
		{EADB4F15-FE28-4365-8967-0BEB5B3420C5}.Release|x86.Build.0 = Release|Any CPU
		{6343D072-6A03-45DD-99EF-ECD428F9F568}.Debug|Any CPU.ActiveCfg = Debug|Any CPU
		{6343D072-6A03-45DD-99EF-ECD428F9F568}.Debug|Any CPU.Build.0 = Debug|Any CPU
		{6343D072-6A03-45DD-99EF-ECD428F9F568}.Debug|x64.ActiveCfg = Debug|Any CPU
		{6343D072-6A03-45DD-99EF-ECD428F9F568}.Debug|x64.Build.0 = Debug|Any CPU
		{6343D072-6A03-45DD-99EF-ECD428F9F568}.Debug|x86.ActiveCfg = Debug|Any CPU
		{6343D072-6A03-45DD-99EF-ECD428F9F568}.Debug|x86.Build.0 = Debug|Any CPU
		{6343D072-6A03-45DD-99EF-ECD428F9F568}.Release|Any CPU.ActiveCfg = Release|Any CPU
		{6343D072-6A03-45DD-99EF-ECD428F9F568}.Release|Any CPU.Build.0 = Release|Any CPU
		{6343D072-6A03-45DD-99EF-ECD428F9F568}.Release|x64.ActiveCfg = Release|Any CPU
		{6343D072-6A03-45DD-99EF-ECD428F9F568}.Release|x64.Build.0 = Release|Any CPU
		{6343D072-6A03-45DD-99EF-ECD428F9F568}.Release|x86.ActiveCfg = Release|Any CPU
		{6343D072-6A03-45DD-99EF-ECD428F9F568}.Release|x86.Build.0 = Release|Any CPU
		{25BE1274-CF06-4473-9D88-6B7562EE166C}.Debug|Any CPU.ActiveCfg = Debug|Any CPU
		{25BE1274-CF06-4473-9D88-6B7562EE166C}.Debug|Any CPU.Build.0 = Debug|Any CPU
		{25BE1274-CF06-4473-9D88-6B7562EE166C}.Debug|x64.ActiveCfg = Debug|Any CPU
		{25BE1274-CF06-4473-9D88-6B7562EE166C}.Debug|x64.Build.0 = Debug|Any CPU
		{25BE1274-CF06-4473-9D88-6B7562EE166C}.Debug|x86.ActiveCfg = Debug|Any CPU
		{25BE1274-CF06-4473-9D88-6B7562EE166C}.Debug|x86.Build.0 = Debug|Any CPU
		{25BE1274-CF06-4473-9D88-6B7562EE166C}.Release|Any CPU.ActiveCfg = Release|Any CPU
		{25BE1274-CF06-4473-9D88-6B7562EE166C}.Release|Any CPU.Build.0 = Release|Any CPU
		{25BE1274-CF06-4473-9D88-6B7562EE166C}.Release|x64.ActiveCfg = Release|Any CPU
		{25BE1274-CF06-4473-9D88-6B7562EE166C}.Release|x64.Build.0 = Release|Any CPU
		{25BE1274-CF06-4473-9D88-6B7562EE166C}.Release|x86.ActiveCfg = Release|Any CPU
		{25BE1274-CF06-4473-9D88-6B7562EE166C}.Release|x86.Build.0 = Release|Any CPU
		{DA252FDF-588A-4A47-BC7C-A6634D4F8624}.Debug|Any CPU.ActiveCfg = Debug|Any CPU
		{DA252FDF-588A-4A47-BC7C-A6634D4F8624}.Debug|Any CPU.Build.0 = Debug|Any CPU
		{DA252FDF-588A-4A47-BC7C-A6634D4F8624}.Debug|x64.ActiveCfg = Debug|Any CPU
		{DA252FDF-588A-4A47-BC7C-A6634D4F8624}.Debug|x64.Build.0 = Debug|Any CPU
		{DA252FDF-588A-4A47-BC7C-A6634D4F8624}.Debug|x86.ActiveCfg = Debug|Any CPU
		{DA252FDF-588A-4A47-BC7C-A6634D4F8624}.Debug|x86.Build.0 = Debug|Any CPU
		{DA252FDF-588A-4A47-BC7C-A6634D4F8624}.Release|Any CPU.ActiveCfg = Release|Any CPU
		{DA252FDF-588A-4A47-BC7C-A6634D4F8624}.Release|Any CPU.Build.0 = Release|Any CPU
		{DA252FDF-588A-4A47-BC7C-A6634D4F8624}.Release|x64.ActiveCfg = Release|Any CPU
		{DA252FDF-588A-4A47-BC7C-A6634D4F8624}.Release|x64.Build.0 = Release|Any CPU
		{DA252FDF-588A-4A47-BC7C-A6634D4F8624}.Release|x86.ActiveCfg = Release|Any CPU
		{DA252FDF-588A-4A47-BC7C-A6634D4F8624}.Release|x86.Build.0 = Release|Any CPU
	EndGlobalSection
	GlobalSection(SolutionProperties) = preSolution
		HideSolutionNode = FALSE
	EndGlobalSection
	GlobalSection(ExtensibilityGlobals) = postSolution
		SolutionGuid = {7A85F7B0-49FF-41FF-B6B5-2F721CDBF0F5}
	EndGlobalSection
EndGlobal
